
Microsoft Visual Studio Solution File, Format Version 12.00
# Visual Studio Version 17
VisualStudioVersion = 17.7.34221.43
MinimumVisualStudioVersion = 10.0.40219.1
Project("{8BC9CEB8-8B4A-11D0-8D11-00A0C91BC942}") = "Reversi", "Reversi\Reversi.vcxproj", "{8EB16C51-C4CA-4231-AFEB-666EA61EEFBD}"
EndProject
Project("{8BC9CEB8-8B4A-11D0-8D11-00A0C91BC942}") = "UnitTest1", "Reversi\UnitTest1\UnitTest1.vcxproj", "{79225AA8-051C-4651-A961-D381290D44D2}"
EndProject
Global
	GlobalSection(SolutionConfigurationPlatforms) = preSolution
		Debug|x64 = Debug|x64
		Debug|x86 = Debug|x86
		Release|x64 = Release|x64
		Release|x86 = Release|x86
	EndGlobalSection
	GlobalSection(ProjectConfigurationPlatforms) = postSolution
		{8EB16C51-C4CA-4231-AFEB-666EA61EEFBD}.Debug|x64.ActiveCfg = Debug|x64
		{8EB16C51-C4CA-4231-AFEB-666EA61EEFBD}.Debug|x64.Build.0 = Debug|x64
		{8EB16C51-C4CA-4231-AFEB-666EA61EEFBD}.Debug|x86.ActiveCfg = Debug|Win32
		{8EB16C51-C4CA-4231-AFEB-666EA61EEFBD}.Debug|x86.Build.0 = Debug|Win32
		{8EB16C51-C4CA-4231-AFEB-666EA61EEFBD}.Release|x64.ActiveCfg = Release|x64
		{8EB16C51-C4CA-4231-AFEB-666EA61EEFBD}.Release|x64.Build.0 = Release|x64
		{8EB16C51-C4CA-4231-AFEB-666EA61EEFBD}.Release|x86.ActiveCfg = Release|Win32
		{8EB16C51-C4CA-4231-AFEB-666EA61EEFBD}.Release|x86.Build.0 = Release|Win32
		{79225AA8-051C-4651-A961-D381290D44D2}.Debug|x64.ActiveCfg = Debug|x64
		{79225AA8-051C-4651-A961-D381290D44D2}.Debug|x64.Build.0 = Debug|x64
		{79225AA8-051C-4651-A961-D381290D44D2}.Debug|x86.ActiveCfg = Debug|Win32
		{79225AA8-051C-4651-A961-D381290D44D2}.Debug|x86.Build.0 = Debug|Win32
		{79225AA8-051C-4651-A961-D381290D44D2}.Release|x64.ActiveCfg = Release|x64
		{79225AA8-051C-4651-A961-D381290D44D2}.Release|x64.Build.0 = Release|x64
		{79225AA8-051C-4651-A961-D381290D44D2}.Release|x86.ActiveCfg = Release|Win32
		{79225AA8-051C-4651-A961-D381290D44D2}.Release|x86.Build.0 = Release|Win32
	EndGlobalSection
	GlobalSection(SolutionProperties) = preSolution
		HideSolutionNode = FALSE
	EndGlobalSection
	GlobalSection(ExtensibilityGlobals) = postSolution
		SolutionGuid = {148F60AB-1BFD-4D92-AF21-8058BA332A76}
	EndGlobalSection
EndGlobal
